
Microsoft Visual Studio Solution File, Format Version 12.00
# Visual Studio Version 17
VisualStudioVersion = 17.14.36202.13
MinimumVisualStudioVersion = 10.0.40219.1
Project("{2150E333-8FDC-42A3-9474-1A3956D46DE8}") = "1 - Services", "1 - Services", "{02EA681E-C7D8-13C7-8484-4AC65E1B71E8}"
EndProject
Project("{2150E333-8FDC-42A3-9474-1A3956D46DE8}") = "2 - Application", "2 - Application", "{62F2E983-04EC-45B0-9F3F-558688CF8B78}"
EndProject
Project("{2150E333-8FDC-42A3-9474-1A3956D46DE8}") = "3 - Domain", "3 - Domain", "{53E405E6-450B-4F84-97E9-BF5B464E22D2}"
EndProject
Project("{2150E333-8FDC-42A3-9474-1A3956D46DE8}") = "4 - Infrastructure", "4 - Infrastructure", "{CB16C05B-BD2A-4096-A42F-0FDB91C1D475}"
EndProject
Project("{2150E333-8FDC-42A3-9474-1A3956D46DE8}") = "4.1 - Data", "4.1 - Data", "{88E27C87-4862-4331-A443-020B37A4350C}"
EndProject
Project("{2150E333-8FDC-42A3-9474-1A3956D46DE8}") = "4.2 - CrossCuting", "4.2 - CrossCuting", "{30BDC97B-1B4B-4E7D-A7C3-5B6DCBADF13A}"
EndProject
Project("{2150E333-8FDC-42A3-9474-1A3956D46DE8}") = "5 - Tests", "5 - Tests", "{0EEA6B32-04CA-42E8-8583-FDE1232B6F6C}"
EndProject
Project("{FAE04EC0-301F-11D3-BF4B-00C04F79EFBC}") = "PSE.Application", "PSE.Application\PSE.Application.csproj", "{0F11CA9C-C44A-4302-9E56-E9CDCC76CE23}"
EndProject
Project("{FAE04EC0-301F-11D3-BF4B-00C04F79EFBC}") = "PSE.Domain", "PSE.Domain\PSE.Domain.csproj", "{836A8AE0-CE2B-42C2-859B-CD93DE618B64}"
EndProject
Project("{FAE04EC0-301F-11D3-BF4B-00C04F79EFBC}") = "PSE.Infrastructure.Data", "PSE.Infrastructure.Data\PSE.Infrastructure.Data.csproj", "{48A8B8C2-D11A-480A-974B-5260A1B909EC}"
EndProject
Project("{FAE04EC0-301F-11D3-BF4B-00C04F79EFBC}") = "PSE.Infrastructure.CrossCutting", "PSE.Infrastructure.CrossCutting\PSE.Infrastructure.CrossCutting.csproj", "{E3489D83-E200-4B99-A4F3-3A92B2814B86}"
EndProject
Project("{FAE04EC0-301F-11D3-BF4B-00C04F79EFBC}") = "PSE.Tests", "PSE.Tests\PSE.Tests.csproj", "{5C136074-0819-4184-89BE-B7AC04B28CA2}"
EndProject
Project("{FAE04EC0-301F-11D3-BF4B-00C04F79EFBC}") = "PSE.Client", "PSE.Client\PSE.Client.csproj", "{865A1324-3957-4399-BEBE-DC771E6A438C}"
EndProject
Global
	GlobalSection(SolutionConfigurationPlatforms) = preSolution
		Debug|Any CPU = Debug|Any CPU
		Release|Any CPU = Release|Any CPU
	EndGlobalSection
	GlobalSection(ProjectConfigurationPlatforms) = postSolution
		{0F11CA9C-C44A-4302-9E56-E9CDCC76CE23}.Debug|Any CPU.ActiveCfg = Debug|Any CPU
		{0F11CA9C-C44A-4302-9E56-E9CDCC76CE23}.Debug|Any CPU.Build.0 = Debug|Any CPU
		{0F11CA9C-C44A-4302-9E56-E9CDCC76CE23}.Release|Any CPU.ActiveCfg = Release|Any CPU
		{0F11CA9C-C44A-4302-9E56-E9CDCC76CE23}.Release|Any CPU.Build.0 = Release|Any CPU
		{836A8AE0-CE2B-42C2-859B-CD93DE618B64}.Debug|Any CPU.ActiveCfg = Debug|Any CPU
		{836A8AE0-CE2B-42C2-859B-CD93DE618B64}.Debug|Any CPU.Build.0 = Debug|Any CPU
		{836A8AE0-CE2B-42C2-859B-CD93DE618B64}.Release|Any CPU.ActiveCfg = Release|Any CPU
		{836A8AE0-CE2B-42C2-859B-CD93DE618B64}.Release|Any CPU.Build.0 = Release|Any CPU
		{48A8B8C2-D11A-480A-974B-5260A1B909EC}.Debug|Any CPU.ActiveCfg = Debug|Any CPU
		{48A8B8C2-D11A-480A-974B-5260A1B909EC}.Debug|Any CPU.Build.0 = Debug|Any CPU
		{48A8B8C2-D11A-480A-974B-5260A1B909EC}.Release|Any CPU.ActiveCfg = Release|Any CPU
		{48A8B8C2-D11A-480A-974B-5260A1B909EC}.Release|Any CPU.Build.0 = Release|Any CPU
		{E3489D83-E200-4B99-A4F3-3A92B2814B86}.Debug|Any CPU.ActiveCfg = Debug|Any CPU
		{E3489D83-E200-4B99-A4F3-3A92B2814B86}.Debug|Any CPU.Build.0 = Debug|Any CPU
		{E3489D83-E200-4B99-A4F3-3A92B2814B86}.Release|Any CPU.ActiveCfg = Release|Any CPU
		{E3489D83-E200-4B99-A4F3-3A92B2814B86}.Release|Any CPU.Build.0 = Release|Any CPU
		{5C136074-0819-4184-89BE-B7AC04B28CA2}.Debug|Any CPU.ActiveCfg = Debug|Any CPU
		{5C136074-0819-4184-89BE-B7AC04B28CA2}.Debug|Any CPU.Build.0 = Debug|Any CPU
		{5C136074-0819-4184-89BE-B7AC04B28CA2}.Release|Any CPU.ActiveCfg = Release|Any CPU
		{5C136074-0819-4184-89BE-B7AC04B28CA2}.Release|Any CPU.Build.0 = Release|Any CPU
		{865A1324-3957-4399-BEBE-DC771E6A438C}.Debug|Any CPU.ActiveCfg = Debug|Any CPU
		{865A1324-3957-4399-BEBE-DC771E6A438C}.Debug|Any CPU.Build.0 = Debug|Any CPU
		{865A1324-3957-4399-BEBE-DC771E6A438C}.Release|Any CPU.ActiveCfg = Release|Any CPU
		{865A1324-3957-4399-BEBE-DC771E6A438C}.Release|Any CPU.Build.0 = Release|Any CPU
	EndGlobalSection
	GlobalSection(SolutionProperties) = preSolution
		HideSolutionNode = FALSE
	EndGlobalSection
	GlobalSection(NestedProjects) = preSolution
		{88E27C87-4862-4331-A443-020B37A4350C} = {CB16C05B-BD2A-4096-A42F-0FDB91C1D475}
		{30BDC97B-1B4B-4E7D-A7C3-5B6DCBADF13A} = {CB16C05B-BD2A-4096-A42F-0FDB91C1D475}
		{0F11CA9C-C44A-4302-9E56-E9CDCC76CE23} = {62F2E983-04EC-45B0-9F3F-558688CF8B78}
		{836A8AE0-CE2B-42C2-859B-CD93DE618B64} = {53E405E6-450B-4F84-97E9-BF5B464E22D2}
		{48A8B8C2-D11A-480A-974B-5260A1B909EC} = {88E27C87-4862-4331-A443-020B37A4350C}
		{E3489D83-E200-4B99-A4F3-3A92B2814B86} = {30BDC97B-1B4B-4E7D-A7C3-5B6DCBADF13A}
		{5C136074-0819-4184-89BE-B7AC04B28CA2} = {0EEA6B32-04CA-42E8-8583-FDE1232B6F6C}
		{865A1324-3957-4399-BEBE-DC771E6A438C} = {02EA681E-C7D8-13C7-8484-4AC65E1B71E8}
	EndGlobalSection
	GlobalSection(ExtensibilityGlobals) = postSolution
		SolutionGuid = {5C88D262-8C22-4754-9B79-6202A6FA8411}
	EndGlobalSection
EndGlobal
